
Microsoft Visual Studio Solution File, Format Version 12.00
# Visual Studio Version 17
VisualStudioVersion = 17.0.32112.339
MinimumVisualStudioVersion = 10.0.40219.1
Project("{FAE04EC0-301F-11D3-BF4B-00C04F79EFBC}") = "Project Turnaw", "Project Turnaw\Project Turnaw.csproj", "{7BF933DF-B017-48C6-B221-3B2F924FD5A3}"
EndProject
Global
	GlobalSection(SolutionConfigurationPlatforms) = preSolution
		Debug|Any CPU = Debug|Any CPU
		Release|Any CPU = Release|Any CPU
	EndGlobalSection
	GlobalSection(ProjectConfigurationPlatforms) = postSolution
		{7BF933DF-B017-48C6-B221-3B2F924FD5A3}.Debug|Any CPU.ActiveCfg = Debug|Any CPU
		{7BF933DF-B017-48C6-B221-3B2F924FD5A3}.Debug|Any CPU.Build.0 = Debug|Any CPU
		{7BF933DF-B017-48C6-B221-3B2F924FD5A3}.Release|Any CPU.ActiveCfg = Release|Any CPU
		{7BF933DF-B017-48C6-B221-3B2F924FD5A3}.Release|Any CPU.Build.0 = Release|Any CPU
	EndGlobalSection
	GlobalSection(SolutionProperties) = preSolution
		HideSolutionNode = FALSE
	EndGlobalSection
	GlobalSection(ExtensibilityGlobals) = postSolution
		SolutionGuid = {D4BC2E1E-CBF4-49B3-B504-DA85C57A03F0}
	EndGlobalSection
EndGlobal
